# THIS IS AN AUTOGENERATED FILE. DO NOT EDIT THIS FILE DIRECTLY.
# yarn lockfile v1


acorn-es7-plugin@^1.0.10, acorn-es7-plugin@^1.0.12:
  version "1.1.7"
  resolved "http://registry.npm.taobao.org/acorn-es7-plugin/download/acorn-es7-plugin-1.1.7.tgz#f2ee1f3228a90eead1245f9ab1922eb2e71d336b"

acorn@^5.0.0:
  version "5.7.1"
  resolved "http://registry.npm.taobao.org/acorn/download/acorn-5.7.1.tgz#f095829297706a7c9776958c0afc8930a9b9d9d8"

amdefine@>=0.0.4:
  version "1.0.1"
  resolved "http://registry.npm.taobao.org/amdefine/download/amdefine-1.0.1.tgz#4a5282ac164729e93619bcfd3ad151f817ce91f5"

array-filter@^1.0.0:
  version "1.0.0"
  resolved "http://registry.npm.taobao.org/array-filter/download/array-filter-1.0.0.tgz#baf79e62e6ef4c2a4c0b831232daffec251f9d83"

array-find@^1.0.0:
  version "1.0.0"
  resolved "http://registry.npm.taobao.org/array-find/download/array-find-1.0.0.tgz#6c8e286d11ed768327f8e62ecee87353ca3e78b8"

balanced-match@^1.0.0:
  version "1.0.0"
  resolved "http://registry.npm.taobao.org/balanced-match/download/balanced-match-1.0.0.tgz#89b4d199ab2bee49de164ea02b89ce462d71b767"

brace-expansion@^1.1.7:
  version "1.1.11"
  resolved "http://registry.npm.taobao.org/brace-expansion/download/brace-expansion-1.1.11.tgz#3c7fcbf529d87226f3d2f52b966ff5271eb441dd"
  dependencies:
    balanced-match "^1.0.0"
    concat-map "0.0.1"

browser-stdout@1.3.1:
  version "1.3.1"
  resolved "http://registry.npm.taobao.org/browser-stdout/download/browser-stdout-1.3.1.tgz#baa559ee14ced73452229bad7326467c61fabd60"

call-matcher@^1.0.0:
  version "1.0.1"
  resolved "http://registry.npm.taobao.org/call-matcher/download/call-matcher-1.0.1.tgz#5134d077984f712a54dad3cbf62de28dce416ca8"
  dependencies:
    core-js "^2.0.0"
    deep-equal "^1.0.0"
    espurify "^1.6.0"
    estraverse "^4.0.0"

call-signature@0.0.2:
  version "0.0.2"
  resolved "http://registry.npm.taobao.org/call-signature/download/call-signature-0.0.2.tgz#a84abc825a55ef4cb2b028bd74e205a65b9a4996"

commander@2.15.1:
  version "2.15.1"
  resolved "http://registry.npm.taobao.org/commander/download/commander-2.15.1.tgz#df46e867d0fc2aec66a34662b406a9ccafff5b0f"

concat-map@0.0.1:
  version "0.0.1"
  resolved "http://registry.npm.taobao.org/concat-map/download/concat-map-0.0.1.tgz#d8a96bd77fd68df7793a73036a3ba0d5405d477b"

convert-source-map@^1.1.0, convert-source-map@^1.1.1:
  version "1.5.1"
  resolved "http://registry.npm.taobao.org/convert-source-map/download/convert-source-map-1.5.1.tgz#b8278097b9bc229365de5c62cf5fcaed8b5599e5"

core-js@^2.0.0:
  version "2.5.7"
  resolved "http://registry.npm.taobao.org/core-js/download/core-js-2.5.7.tgz#f972608ff0cead68b841a16a932d0b183791814e"

d@1:
  version "1.0.0"
  resolved "http://registry.npm.taobao.org/d/download/d-1.0.0.tgz#754bb5bfe55451da69a58b94d45f4c5b0462d58f"
  dependencies:
    es5-ext "^0.10.9"

debug@3.1.0:
  version "3.1.0"
  resolved "http://registry.npm.taobao.org/debug/download/debug-3.1.0.tgz#5bb5a0672628b64149566ba16819e61518c67261"
  dependencies:
    ms "2.0.0"

deep-equal@^1.0.0:
  version "1.0.1"
  resolved "http://registry.npm.taobao.org/deep-equal/download/deep-equal-1.0.1.tgz#f5d260292b660e084eff4cdbc9f08ad3247448b5"

deep-is@~0.1.3:
  version "0.1.3"
  resolved "http://registry.npm.taobao.org/deep-is/download/deep-is-0.1.3.tgz#b369d6fb5dbc13eecf524f91b070feedc357cf34"

define-properties@^1.1.2:
  version "1.1.2"
  resolved "http://registry.npm.taobao.org/define-properties/download/define-properties-1.1.2.tgz#83a73f2fea569898fb737193c8f873caf6d45c94"
  dependencies:
    foreach "^2.0.5"
    object-keys "^1.0.8"

diff-match-patch@^1.0.0:
  version "1.0.1"
  resolved "http://registry.npm.taobao.org/diff-match-patch/download/diff-match-patch-1.0.1.tgz#d5f880213d82fbc124d2b95111fb3c033dbad7fa"

diff@3.5.0:
  version "3.5.0"
  resolved "http://registry.npm.taobao.org/diff/download/diff-3.5.0.tgz#800c0dd1e0a8bfbc95835c202ad220fe317e5a12"

eastasianwidth@^0.2.0:
  version "0.2.0"
  resolved "http://registry.npm.taobao.org/eastasianwidth/download/eastasianwidth-0.2.0.tgz#696ce2ec0aa0e6ea93a397ffcf24aa7840c827cb"

empower-assert@^1.0.0:
  version "1.1.0"
  resolved "http://registry.npm.taobao.org/empower-assert/download/empower-assert-1.1.0.tgz#8d327fbe69a88af90dda98d1bfc9829d2a24fd62"
  dependencies:
    estraverse "^4.2.0"

empower-core@^1.2.0:
  version "1.2.0"
  resolved "http://registry.npm.taobao.org/empower-core/download/empower-core-1.2.0.tgz#ce3fb2484d5187fa29c23fba8344b0b2fdf5601c"
  dependencies:
    call-signature "0.0.2"
    core-js "^2.0.0"

empower@^1.3.0:
  version "1.3.0"
  resolved "http://registry.npm.taobao.org/empower/download/empower-1.3.0.tgz#6b05e77625e77dc44945c4328562c3020b01fa4b"
  dependencies:
    core-js "^2.0.0"
    empower-core "^1.2.0"

es5-ext@^0.10.14, es5-ext@^0.10.35, es5-ext@^0.10.9, es5-ext@~0.10.14:
  version "0.10.45"
  resolved "http://registry.npm.taobao.org/es5-ext/download/es5-ext-0.10.45.tgz#0bfdf7b473da5919d5adf3bd25ceb754fccc3653"
  dependencies:
    es6-iterator "~2.0.3"
    es6-symbol "~3.1.1"
    next-tick "1"

es6-iterator@^2.0.1, es6-iterator@~2.0.1, es6-iterator@~2.0.3:
  version "2.0.3"
  resolved "http://registry.npm.taobao.org/es6-iterator/download/es6-iterator-2.0.3.tgz#a7de889141a05a94b0854403b2d0a0fbfa98f3b7"
  dependencies:
    d "1"
    es5-ext "^0.10.35"
    es6-symbol "^3.1.1"

es6-map@^0.1.3:
  version "0.1.5"
  resolved "http://registry.npm.taobao.org/es6-map/download/es6-map-0.1.5.tgz#9136e0503dcc06a301690f0bb14ff4e364e949f0"
  dependencies:
    d "1"
    es5-ext "~0.10.14"
    es6-iterator "~2.0.1"
    es6-set "~0.1.5"
    es6-symbol "~3.1.1"
    event-emitter "~0.3.5"

es6-set@~0.1.5:
  version "0.1.5"
  resolved "http://registry.npm.taobao.org/es6-set/download/es6-set-0.1.5.tgz#d2b3ec5d4d800ced818db538d28974db0a73ccb1"
  dependencies:
    d "1"
    es5-ext "~0.10.14"
    es6-iterator "~2.0.1"
    es6-symbol "3.1.1"
    event-emitter "~0.3.5"

es6-symbol@3.1.1, es6-symbol@^3.1.1, es6-symbol@~3.1.1:
  version "3.1.1"
  resolved "http://registry.npm.taobao.org/es6-symbol/download/es6-symbol-3.1.1.tgz#bf00ef4fdab6ba1b46ecb7b629b4c7ed5715cc77"
  dependencies:
    d "1"
    es5-ext "~0.10.14"

es6-weak-map@^2.0.1:
  version "2.0.2"
  resolved "http://registry.npm.taobao.org/es6-weak-map/download/es6-weak-map-2.0.2.tgz#5e3ab32251ffd1538a1f8e5ffa1357772f92d96f"
  dependencies:
    d "1"
    es5-ext "^0.10.14"
    es6-iterator "^2.0.1"
    es6-symbol "^3.1.1"

escallmatch@^1.5.0:
  version "1.5.0"
  resolved "http://registry.npm.taobao.org/escallmatch/download/escallmatch-1.5.0.tgz#50099d86e8091b092df8ddfbc3f9a6fb05a024d0"
  dependencies:
    call-matcher "^1.0.0"
    esprima "^2.0.0"

escape-string-regexp@1.0.5:
  version "1.0.5"
  resolved "http://registry.npm.taobao.org/escape-string-regexp/download/escape-string-regexp-1.0.5.tgz#1b61c0562190a8dff6ae3bb2cf0200ca130b86d4"

escodegen@^1.10.0, escodegen@^1.7.0:
  version "1.11.0"
  resolved "http://registry.npm.taobao.org/escodegen/download/escodegen-1.11.0.tgz#b27a9389481d5bfd5bec76f7bb1eb3f8f4556589"
  dependencies:
    esprima "^3.1.3"
    estraverse "^4.2.0"
    esutils "^2.0.2"
    optionator "^0.8.1"
  optionalDependencies:
    source-map "~0.6.1"

escope@^3.3.0:
  version "3.6.0"
  resolved "http://registry.npm.taobao.org/escope/download/escope-3.6.0.tgz#e01975e812781a163a6dadfdd80398dc64c889c3"
  dependencies:
    es6-map "^0.1.3"
    es6-weak-map "^2.0.1"
    esrecurse "^4.1.0"
    estraverse "^4.1.1"

espower-loader@^1.0.0:
  version "1.2.2"
  resolved "http://registry.npm.taobao.org/espower-loader/download/espower-loader-1.2.2.tgz#edb46c3c59a06bac8ea73a695c86e5c5a0bc82da"
  dependencies:
    convert-source-map "^1.1.0"
    espower-source "^2.0.0"
    minimatch "^3.0.0"
    source-map-support "^0.4.0"
    xtend "^4.0.0"

espower-location-detector@^1.0.0:
  version "1.0.0"
  resolved "http://registry.npm.taobao.org/espower-location-detector/download/espower-location-detector-1.0.0.tgz#a17b7ecc59d30e179e2bef73fb4137704cb331b5"
  dependencies:
    is-url "^1.2.1"
    path-is-absolute "^1.0.0"
    source-map "^0.5.0"
    xtend "^4.0.0"

espower-source@^2.0.0:
  version "2.3.0"
  resolved "http://registry.npm.taobao.org/espower-source/download/espower-source-2.3.0.tgz#43e93b2c18af50018bdb1bea7a1271f4a1c125f4"
  dependencies:
    acorn "^5.0.0"
    acorn-es7-plugin "^1.0.10"
    convert-source-map "^1.1.1"
    empower-assert "^1.0.0"
    escodegen "^1.10.0"
    espower "^2.1.1"
    estraverse "^4.0.0"
    merge-estraverse-visitors "^1.0.0"
    multi-stage-sourcemap "^0.2.1"
    path-is-absolute "^1.0.0"
    xtend "^4.0.0"

espower@^2.1.1:
  version "2.1.1"
  resolved "http://registry.npm.taobao.org/espower/download/espower-2.1.1.tgz#158c91585528db46c0eb5a731c2136a427ad2857"
  dependencies:
    array-find "^1.0.0"
    escallmatch "^1.5.0"
    escodegen "^1.7.0"
    escope "^3.3.0"
    espower-location-detector "^1.0.0"
    espurify "^1.3.0"
    estraverse "^4.1.0"
    source-map "^0.5.0"
    type-name "^2.0.0"
    xtend "^4.0.0"

esprima@^2.0.0:
  version "2.7.3"
  resolved "http://registry.npm.taobao.org/esprima/download/esprima-2.7.3.tgz#96e3b70d5779f6ad49cd032673d1c312767ba581"

esprima@^3.1.3:
  version "3.1.3"
  resolved "http://registry.npm.taobao.org/esprima/download/esprima-3.1.3.tgz#fdca51cee6133895e3c88d535ce49dbff62a4633"

espurify@^1.3.0, espurify@^1.6.0:
  version "1.8.1"
  resolved "http://registry.npm.taobao.org/espurify/download/espurify-1.8.1.tgz#5746c6c1ab42d302de10bd1d5bf7f0e8c0515056"
  dependencies:
    core-js "^2.0.0"

esrecurse@^4.1.0:
  version "4.2.1"
  resolved "http://registry.npm.taobao.org/esrecurse/download/esrecurse-4.2.1.tgz#007a3b9fdbc2b3bb87e4879ea19c92fdbd3942cf"
  dependencies:
    estraverse "^4.1.0"

estraverse@^4.0.0, estraverse@^4.1.0, estraverse@^4.1.1, estraverse@^4.2.0:
  version "4.2.0"
  resolved "http://registry.npm.taobao.org/estraverse/download/estraverse-4.2.0.tgz#0dee3fed31fcd469618ce7342099fc1afa0bdb13"

esutils@^2.0.2:
  version "2.0.2"
  resolved "http://registry.npm.taobao.org/esutils/download/esutils-2.0.2.tgz#0abf4f1caa5bcb1f7a9d8acc6dea4faaa04bac9b"

event-emitter@~0.3.5:
  version "0.3.5"
  resolved "http://registry.npm.taobao.org/event-emitter/download/event-emitter-0.3.5.tgz#df8c69eef1647923c7157b9ce83840610b02cc39"
  dependencies:
    d "1"
    es5-ext "~0.10.14"

fast-levenshtein@~2.0.4:
  version "2.0.6"
  resolved "http://registry.npm.taobao.org/fast-levenshtein/download/fast-levenshtein-2.0.6.tgz#3d8a5c66883a16a30ca8643e851f19baa7797917"

foreach@^2.0.5:
  version "2.0.5"
  resolved "http://registry.npm.taobao.org/foreach/download/foreach-2.0.5.tgz#0bee005018aeb260d0a3af3ae658dd0136ec1b99"

fs.realpath@^1.0.0:
  version "1.0.0"
  resolved "http://registry.npm.taobao.org/fs.realpath/download/fs.realpath-1.0.0.tgz#1504ad2523158caa40db4a2787cb01411994ea4f"

glob@7.1.2:
  version "7.1.2"
  resolved "http://registry.npm.taobao.org/glob/download/glob-7.1.2.tgz#c19c9df9a028702d678612384a6552404c636d15"
  dependencies:
    fs.realpath "^1.0.0"
    inflight "^1.0.4"
    inherits "2"
    minimatch "^3.0.4"
    once "^1.3.0"
    path-is-absolute "^1.0.0"

growl@1.10.5:
  version "1.10.5"
  resolved "http://registry.npm.taobao.org/growl/download/growl-1.10.5.tgz#f2735dc2283674fa67478b10181059355c369e5e"

has-flag@^3.0.0:
  version "3.0.0"
  resolved "http://registry.npm.taobao.org/has-flag/download/has-flag-3.0.0.tgz#b5d454dc2199ae225699f3467e5a07f3b955bafd"

he@1.1.1:
  version "1.1.1"
  resolved "http://registry.npm.taobao.org/he/download/he-1.1.1.tgz#93410fd21b009735151f8868c2f271f3427e23fd"

indexof@0.0.1:
  version "0.0.1"
  resolved "http://registry.npm.taobao.org/indexof/download/indexof-0.0.1.tgz#82dc336d232b9062179d05ab3293a66059fd435d"

inflight@^1.0.4:
  version "1.0.6"
  resolved "http://registry.npm.taobao.org/inflight/download/inflight-1.0.6.tgz#49bd6331d7d02d0c09bc910a1075ba8165b56df9"
  dependencies:
    once "^1.3.0"
    wrappy "1"

inherits@2:
  version "2.0.3"
  resolved "http://registry.npm.taobao.org/inherits/download/inherits-2.0.3.tgz#633c2c83e3da42a502f52466022480f4208261de"

intelli-espower-loader@^1.0.1:
  version "1.0.1"
  resolved "http://registry.npm.taobao.org/intelli-espower-loader/download/intelli-espower-loader-1.0.1.tgz#2c7b03146bc1d46bf210d0a0397c5c91ab4ca2b0"
  dependencies:
    espower-loader "^1.0.0"

is-url@^1.2.1:
  version "1.2.4"
  resolved "http://registry.npm.taobao.org/is-url/download/is-url-1.2.4.tgz#04a4df46d28c4cff3d73d01ff06abeb318a1aa52"

levn@~0.3.0:
  version "0.3.0"
  resolved "http://registry.npm.taobao.org/levn/download/levn-0.3.0.tgz#3b09924edf9f083c0490fdd4c0bc4421e04764ee"
  dependencies:
    prelude-ls "~1.1.2"
    type-check "~0.3.2"

merge-estraverse-visitors@^1.0.0:
  version "1.0.0"
  resolved "http://registry.npm.taobao.org/merge-estraverse-visitors/download/merge-estraverse-visitors-1.0.0.tgz#eb968338b5ded5ceed82cec0307decba2d8ea994"
  dependencies:
    estraverse "^4.0.0"

minimatch@3.0.4, minimatch@^3.0.0, minimatch@^3.0.4:
  version "3.0.4"
  resolved "http://registry.npm.taobao.org/minimatch/download/minimatch-3.0.4.tgz#5166e286457f03306064be5497e8dbb0c3d32083"
  dependencies:
    brace-expansion "^1.1.7"

minimist@0.0.8:
  version "0.0.8"
  resolved "http://registry.npm.taobao.org/minimist/download/minimist-0.0.8.tgz#857fcabfc3397d2625b8228262e86aa7a011b05d"

mkdirp@0.5.1:
  version "0.5.1"
  resolved "http://registry.npm.taobao.org/mkdirp/download/mkdirp-0.5.1.tgz#30057438eac6cf7f8c4767f38648d6697d75c903"
  dependencies:
    minimist "0.0.8"

mocha@^5.2.0:
  version "5.2.0"
  resolved "http://registry.npm.taobao.org/mocha/download/mocha-5.2.0.tgz#6d8ae508f59167f940f2b5b3c4a612ae50c90ae6"
  dependencies:
    browser-stdout "1.3.1"
    commander "2.15.1"
    debug "3.1.0"
    diff "3.5.0"
    escape-string-regexp "1.0.5"
    glob "7.1.2"
    growl "1.10.5"
    he "1.1.1"
    minimatch "3.0.4"
    mkdirp "0.5.1"
    supports-color "5.4.0"

ms@2.0.0:
  version "2.0.0"
  resolved "http://registry.npm.taobao.org/ms/download/ms-2.0.0.tgz#5608aeadfc00be6c2901df5f9861788de0d597c8"

multi-stage-sourcemap@^0.2.1:
  version "0.2.1"
  resolved "http://registry.npm.taobao.org/multi-stage-sourcemap/download/multi-stage-sourcemap-0.2.1.tgz#b09fc8586eaa17f81d575c4ad02e0f7a3f6b1105"
  dependencies:
    source-map "^0.1.34"

next-tick@1:
  version "1.0.0"
  resolved "http://registry.npm.taobao.org/next-tick/download/next-tick-1.0.0.tgz#ca86d1fe8828169b0120208e3dc8424b9db8342c"

object-keys@^1.0.0, object-keys@^1.0.8:
  version "1.0.12"
  resolved "http://registry.npm.taobao.org/object-keys/download/object-keys-1.0.12.tgz#09c53855377575310cca62f55bb334abff7b3ed2"

once@^1.3.0:
  version "1.4.0"
  resolved "http://registry.npm.taobao.org/once/download/once-1.4.0.tgz#583b1aa775961d4b113ac17d9c50baef9dd76bd1"
  dependencies:
    wrappy "1"

optionator@^0.8.1:
  version "0.8.2"
  resolved "http://registry.npm.taobao.org/optionator/download/optionator-0.8.2.tgz#364c5e409d3f4d6301d6c0b4c05bba50180aeb64"
  dependencies:
    deep-is "~0.1.3"
    fast-levenshtein "~2.0.4"
    levn "~0.3.0"
    prelude-ls "~1.1.2"
    type-check "~0.3.2"
    wordwrap "~1.0.0"

path-is-absolute@^1.0.0:
  version "1.0.1"
  resolved "http://registry.npm.taobao.org/path-is-absolute/download/path-is-absolute-1.0.1.tgz#174b9268735534ffbc7ace6bf53a5a9e1b5c5f5f"

power-assert-context-formatter@^1.0.7:
  version "1.2.0"
  resolved "http://registry.npm.taobao.org/power-assert-context-formatter/download/power-assert-context-formatter-1.2.0.tgz#8fbe72692288ec5a7203cdf215c8b838a6061d2a"
  dependencies:
    core-js "^2.0.0"
    power-assert-context-traversal "^1.2.0"

power-assert-context-reducer-ast@^1.0.7:
  version "1.2.0"
  resolved "http://registry.npm.taobao.org/power-assert-context-reducer-ast/download/power-assert-context-reducer-ast-1.2.0.tgz#c7ca1c9e39a6fb717f7ac5fe9e76e192bf525df3"
  dependencies:
    acorn "^5.0.0"
    acorn-es7-plugin "^1.0.12"
    core-js "^2.0.0"
    espurify "^1.6.0"
    estraverse "^4.2.0"

power-assert-context-traversal@^1.2.0:
  version "1.2.0"
  resolved "http://registry.npm.taobao.org/power-assert-context-traversal/download/power-assert-context-traversal-1.2.0.tgz#f6e71454baf640de5c1c9c270349f5c9ab0b2e94"
  dependencies:
    core-js "^2.0.0"
    estraverse "^4.1.0"

power-assert-formatter@^1.4.1:
  version "1.4.1"
  resolved "http://registry.npm.taobao.org/power-assert-formatter/download/power-assert-formatter-1.4.1.tgz#5dc125ed50a3dfb1dda26c19347f3bf58ec2884a"
  dependencies:
    core-js "^2.0.0"
    power-assert-context-formatter "^1.0.7"
    power-assert-context-reducer-ast "^1.0.7"
    power-assert-renderer-assertion "^1.0.7"
    power-assert-renderer-comparison "^1.0.7"
    power-assert-renderer-diagram "^1.0.7"
    power-assert-renderer-file "^1.0.7"

power-assert-renderer-assertion@^1.0.7:
  version "1.2.0"
  resolved "http://registry.npm.taobao.org/power-assert-renderer-assertion/download/power-assert-renderer-assertion-1.2.0.tgz#3db6ffcda106b37bc1e06432ad0d748a682b147a"
  dependencies:
    power-assert-renderer-base "^1.1.1"
    power-assert-util-string-width "^1.2.0"

power-assert-renderer-base@^1.1.1:
  version "1.1.1"
  resolved "http://registry.npm.taobao.org/power-assert-renderer-base/download/power-assert-renderer-base-1.1.1.tgz#96a650c6fd05ee1bc1f66b54ad61442c8b3f63eb"

power-assert-renderer-comparison@^1.0.7:
  version "1.2.0"
  resolved "http://registry.npm.taobao.org/power-assert-renderer-comparison/download/power-assert-renderer-comparison-1.2.0.tgz#e4f88113225a69be8aa586ead05aef99462c0495"
  dependencies:
    core-js "^2.0.0"
    diff-match-patch "^1.0.0"
    power-assert-renderer-base "^1.1.1"
    stringifier "^1.3.0"
    type-name "^2.0.1"

power-assert-renderer-diagram@^1.0.7:
  version "1.2.0"
  resolved "http://registry.npm.taobao.org/power-assert-renderer-diagram/download/power-assert-renderer-diagram-1.2.0.tgz#37f66e8542e5677c5b58e6d72b01c0d9a30e2219"
  dependencies:
    core-js "^2.0.0"
    power-assert-renderer-base "^1.1.1"
    power-assert-util-string-width "^1.2.0"
    stringifier "^1.3.0"

power-assert-renderer-file@^1.0.7:
  version "1.2.0"
  resolved "http://registry.npm.taobao.org/power-assert-renderer-file/download/power-assert-renderer-file-1.2.0.tgz#3f4bebd9e1455d75cf2ac541e7bb515a87d4ce4b"
  dependencies:
    power-assert-renderer-base "^1.1.1"

power-assert-util-string-width@^1.2.0:
  version "1.2.0"
  resolved "http://registry.npm.taobao.org/power-assert-util-string-width/download/power-assert-util-string-width-1.2.0.tgz#6e06d5e3581bb876c5d377c53109fffa95bd91a0"
  dependencies:
    eastasianwidth "^0.2.0"

power-assert@^1.6.0:
  version "1.6.0"
  resolved "http://registry.npm.taobao.org/power-assert/download/power-assert-1.6.0.tgz#3a9d2b943cf0d6fc6a623766869c4460838c05fb"
  dependencies:
    define-properties "^1.1.2"
    empower "^1.3.0"
    power-assert-formatter "^1.4.1"
    universal-deep-strict-equal "^1.2.1"
    xtend "^4.0.0"

prelude-ls@~1.1.2:
  version "1.1.2"
  resolved "http://registry.npm.taobao.org/prelude-ls/download/prelude-ls-1.1.2.tgz#21932a549f5e52ffd9a827f570e04be62a97da54"

source-map-support@^0.4.0:
  version "0.4.18"
  resolved "http://registry.npm.taobao.org/source-map-support/download/source-map-support-0.4.18.tgz#0286a6de8be42641338594e97ccea75f0a2c585f"
  dependencies:
    source-map "^0.5.6"

source-map@^0.1.34:
  version "0.1.43"
  resolved "http://registry.npm.taobao.org/source-map/download/source-map-0.1.43.tgz#c24bc146ca517c1471f5dacbe2571b2b7f9e3346"
  dependencies:
    amdefine ">=0.0.4"

source-map@^0.5.0, source-map@^0.5.6:
  version "0.5.7"
  resolved "http://registry.npm.taobao.org/source-map/download/source-map-0.5.7.tgz#8a039d2d1021d22d1ea14c80d8ea468ba2ef3fcc"

source-map@~0.6.1:
  version "0.6.1"
  resolved "http://registry.npm.taobao.org/source-map/download/source-map-0.6.1.tgz#74722af32e9614e9c287a8d0bbde48b5e2f1a263"

stringifier@^1.3.0:
  version "1.3.0"
  resolved "http://registry.npm.taobao.org/stringifier/download/stringifier-1.3.0.tgz#def18342f6933db0f2dbfc9aa02175b448c17959"
  dependencies:
    core-js "^2.0.0"
    traverse "^0.6.6"
    type-name "^2.0.1"

supports-color@5.4.0:
  version "5.4.0"
  resolved "http://registry.npm.taobao.org/supports-color/download/supports-color-5.4.0.tgz#1c6b337402c2137605efe19f10fec390f6faab54"
  dependencies:
    has-flag "^3.0.0"

traverse@^0.6.6:
  version "0.6.6"
  resolved "http://registry.npm.taobao.org/traverse/download/traverse-0.6.6.tgz#cbdf560fd7b9af632502fed40f918c157ea97137"

type-check@~0.3.2:
  version "0.3.2"
  resolved "http://registry.npm.taobao.org/type-check/download/type-check-0.3.2.tgz#5884cab512cf1d355e3fb784f30804b2b520db72"
  dependencies:
    prelude-ls "~1.1.2"

type-name@^2.0.0, type-name@^2.0.1:
  version "2.0.2"
  resolved "http://registry.npm.taobao.org/type-name/download/type-name-2.0.2.tgz#efe7d4123d8ac52afff7f40c7e4dec5266008fb4"

universal-deep-strict-equal@^1.2.1:
  version "1.2.2"
  resolved "http://registry.npm.taobao.org/universal-deep-strict-equal/download/universal-deep-strict-equal-1.2.2.tgz#0da4ac2f73cff7924c81fa4de018ca562ca2b0a7"
  dependencies:
    array-filter "^1.0.0"
    indexof "0.0.1"
    object-keys "^1.0.0"

wordwrap@~1.0.0:
  version "1.0.0"
  resolved "http://registry.npm.taobao.org/wordwrap/download/wordwrap-1.0.0.tgz#27584810891456a4171c8d0226441ade90cbcaeb"

wrappy@1:
  version "1.0.2"
  resolved "http://registry.npm.taobao.org/wrappy/download/wrappy-1.0.2.tgz#b5243d8f3ec1aa35f1364605bc0d1036e30ab69f"

xtend@^4.0.0:
  version "4.0.1"
  resolved "http://registry.npm.taobao.org/xtend/download/xtend-4.0.1.tgz#a5c6d532be656e23db820efb943a1f04998d63af"
